
Microsoft Visual Studio Solution File, Format Version 12.00
# Visual Studio Version 16
VisualStudioVersion = 16.0.34902.97
MinimumVisualStudioVersion = 10.0.40219.1
Project("{FAE04EC0-301F-11D3-BF4B-00C04F79EFBC}") = "monday24", "monday24\monday24.csproj", "{42851955-E628-44BE-9672-A083D9A7FC04}"
EndProject
Global
	GlobalSection(SolutionConfigurationPlatforms) = preSolution
		Debug|Any CPU = Debug|Any CPU
		Release|Any CPU = Release|Any CPU
	EndGlobalSection
	GlobalSection(ProjectConfigurationPlatforms) = postSolution
		{42851955-E628-44BE-9672-A083D9A7FC04}.Debug|Any CPU.ActiveCfg = Debug|Any CPU
		{42851955-E628-44BE-9672-A083D9A7FC04}.Debug|Any CPU.Build.0 = Debug|Any CPU
		{42851955-E628-44BE-9672-A083D9A7FC04}.Release|Any CPU.ActiveCfg = Release|Any CPU
		{42851955-E628-44BE-9672-A083D9A7FC04}.Release|Any CPU.Build.0 = Release|Any CPU
	EndGlobalSection
	GlobalSection(SolutionProperties) = preSolution
		HideSolutionNode = FALSE
	EndGlobalSection
	GlobalSection(ExtensibilityGlobals) = postSolution
		SolutionGuid = {678C6199-4AB4-49CA-95EC-4D5351E3025E}
	EndGlobalSection
EndGlobal
