
Microsoft Visual Studio Solution File, Format Version 12.00
# Visual Studio Version 16
VisualStudioVersion = 16.0.34902.97
MinimumVisualStudioVersion = 10.0.40219.1
Project("{FAE04EC0-301F-11D3-BF4B-00C04F79EFBC}") = "tuesday18", "tuesday18\tuesday18.csproj", "{54C740F6-4E82-4DFF-AA8B-B7512B33A42A}"
EndProject
Project("{FAE04EC0-301F-11D3-BF4B-00C04F79EFBC}") = "tuesday18_2", "tuesday18_2\tuesday18_2.csproj", "{4EAD9774-98A5-48D2-8569-ED743BEAC9D6}"
EndProject
Global
	GlobalSection(SolutionConfigurationPlatforms) = preSolution
		Debug|Any CPU = Debug|Any CPU
		Release|Any CPU = Release|Any CPU
	EndGlobalSection
	GlobalSection(ProjectConfigurationPlatforms) = postSolution
		{54C740F6-4E82-4DFF-AA8B-B7512B33A42A}.Debug|Any CPU.ActiveCfg = Debug|Any CPU
		{54C740F6-4E82-4DFF-AA8B-B7512B33A42A}.Debug|Any CPU.Build.0 = Debug|Any CPU
		{54C740F6-4E82-4DFF-AA8B-B7512B33A42A}.Release|Any CPU.ActiveCfg = Release|Any CPU
		{54C740F6-4E82-4DFF-AA8B-B7512B33A42A}.Release|Any CPU.Build.0 = Release|Any CPU
		{4EAD9774-98A5-48D2-8569-ED743BEAC9D6}.Debug|Any CPU.ActiveCfg = Debug|Any CPU
		{4EAD9774-98A5-48D2-8569-ED743BEAC9D6}.Debug|Any CPU.Build.0 = Debug|Any CPU
		{4EAD9774-98A5-48D2-8569-ED743BEAC9D6}.Release|Any CPU.ActiveCfg = Release|Any CPU
		{4EAD9774-98A5-48D2-8569-ED743BEAC9D6}.Release|Any CPU.Build.0 = Release|Any CPU
	EndGlobalSection
	GlobalSection(SolutionProperties) = preSolution
		HideSolutionNode = FALSE
	EndGlobalSection
	GlobalSection(ExtensibilityGlobals) = postSolution
		SolutionGuid = {6787C692-B7B9-45FD-BC5A-60376B863369}
	EndGlobalSection
EndGlobal
