
Microsoft Visual Studio Solution File, Format Version 12.00
# Visual Studio Version 16
VisualStudioVersion = 16.0.34902.97
MinimumVisualStudioVersion = 10.0.40219.1
Project("{FAE04EC0-301F-11D3-BF4B-00C04F79EFBC}") = "practice_7", "practice_7\practice_7.csproj", "{8F2D7F10-DD5A-4692-A395-13C68FA916C1}"
EndProject
Global
	GlobalSection(SolutionConfigurationPlatforms) = preSolution
		Debug|Any CPU = Debug|Any CPU
		Release|Any CPU = Release|Any CPU
	EndGlobalSection
	GlobalSection(ProjectConfigurationPlatforms) = postSolution
		{8F2D7F10-DD5A-4692-A395-13C68FA916C1}.Debug|Any CPU.ActiveCfg = Debug|Any CPU
		{8F2D7F10-DD5A-4692-A395-13C68FA916C1}.Debug|Any CPU.Build.0 = Debug|Any CPU
		{8F2D7F10-DD5A-4692-A395-13C68FA916C1}.Release|Any CPU.ActiveCfg = Release|Any CPU
		{8F2D7F10-DD5A-4692-A395-13C68FA916C1}.Release|Any CPU.Build.0 = Release|Any CPU
	EndGlobalSection
	GlobalSection(SolutionProperties) = preSolution
		HideSolutionNode = FALSE
	EndGlobalSection
	GlobalSection(ExtensibilityGlobals) = postSolution
		SolutionGuid = {1159862B-0A5A-4ED7-BDE1-E53BE11C3259}
	EndGlobalSection
EndGlobal
