
Microsoft Visual Studio Solution File, Format Version 12.00
# Visual Studio Version 16
VisualStudioVersion = 16.0.34902.97
MinimumVisualStudioVersion = 10.0.40219.1
Project("{FAE04EC0-301F-11D3-BF4B-00C04F79EFBC}") = "cc_1", "assessment_1\cc_1.csproj", "{57EB0C26-E5EB-4E99-B25A-F9EF1628DCE6}"
EndProject
Global
	GlobalSection(SolutionConfigurationPlatforms) = preSolution
		Debug|Any CPU = Debug|Any CPU
		Release|Any CPU = Release|Any CPU
	EndGlobalSection
	GlobalSection(ProjectConfigurationPlatforms) = postSolution
		{57EB0C26-E5EB-4E99-B25A-F9EF1628DCE6}.Debug|Any CPU.ActiveCfg = Debug|Any CPU
		{57EB0C26-E5EB-4E99-B25A-F9EF1628DCE6}.Debug|Any CPU.Build.0 = Debug|Any CPU
		{57EB0C26-E5EB-4E99-B25A-F9EF1628DCE6}.Release|Any CPU.ActiveCfg = Release|Any CPU
		{57EB0C26-E5EB-4E99-B25A-F9EF1628DCE6}.Release|Any CPU.Build.0 = Release|Any CPU
	EndGlobalSection
	GlobalSection(SolutionProperties) = preSolution
		HideSolutionNode = FALSE
	EndGlobalSection
	GlobalSection(ExtensibilityGlobals) = postSolution
		SolutionGuid = {31C02E7F-061B-4D5F-A38E-FE1D07932FEA}
	EndGlobalSection
EndGlobal
