
Microsoft Visual Studio Solution File, Format Version 12.00
# Visual Studio Version 16
VisualStudioVersion = 16.0.34902.97
MinimumVisualStudioVersion = 10.0.40219.1
Project("{FAE04EC0-301F-11D3-BF4B-00C04F79EFBC}") = "hand1", "hand1\hand1.csproj", "{B878A1D3-09BB-4B3D-BF16-DF3A1F1236AA}"
EndProject
Global
	GlobalSection(SolutionConfigurationPlatforms) = preSolution
		Debug|Any CPU = Debug|Any CPU
		Release|Any CPU = Release|Any CPU
	EndGlobalSection
	GlobalSection(ProjectConfigurationPlatforms) = postSolution
		{B878A1D3-09BB-4B3D-BF16-DF3A1F1236AA}.Debug|Any CPU.ActiveCfg = Debug|Any CPU
		{B878A1D3-09BB-4B3D-BF16-DF3A1F1236AA}.Debug|Any CPU.Build.0 = Debug|Any CPU
		{B878A1D3-09BB-4B3D-BF16-DF3A1F1236AA}.Release|Any CPU.ActiveCfg = Release|Any CPU
		{B878A1D3-09BB-4B3D-BF16-DF3A1F1236AA}.Release|Any CPU.Build.0 = Release|Any CPU
	EndGlobalSection
	GlobalSection(SolutionProperties) = preSolution
		HideSolutionNode = FALSE
	EndGlobalSection
	GlobalSection(ExtensibilityGlobals) = postSolution
		SolutionGuid = {47EFFF1E-E326-445D-9A0F-3464C1E6C54D}
	EndGlobalSection
EndGlobal
